// !$*UTF8*$!
{
	archiveVersion = 1;
	classes = {
	};
	objectVersion = 51;
	objects = {

/* Begin PBXBuildFile section */
		01ABD45F2446153800BA39BD /* UIView+Extensions.swift in Sources */ = {isa = PBXBuildFile; fileRef = 01ABD45A2446153800BA39BD /* UIView+Extensions.swift */; };
		01ABD4602446153800BA39BD /* UIColor+Extensions.swift in Sources */ = {isa = PBXBuildFile; fileRef = 01ABD45B2446153800BA39BD /* UIColor+Extensions.swift */; };
		01ABD4612446153800BA39BD /* CALayer+Extensions.swift in Sources */ = {isa = PBXBuildFile; fileRef = 01ABD45C2446153800BA39BD /* CALayer+Extensions.swift */; };
		01ABD4622446153800BA39BD /* UILabel+Extensions.swift in Sources */ = {isa = PBXBuildFile; fileRef = 01ABD45D2446153800BA39BD /* UILabel+Extensions.swift */; };
		01ABD468244620A800BA39BD /* User.swift in Sources */ = {isa = PBXBuildFile; fileRef = 01ABD467244620A800BA39BD /* User.swift */; };
		01CBD9982445C432000611DF /* AppDelegate.swift in Sources */ = {isa = PBXBuildFile; fileRef = 01CBD9972445C432000611DF /* AppDelegate.swift */; };
		01CBD99C2445C432000611DF /* UserInfoViewController.swift in Sources */ = {isa = PBXBuildFile; fileRef = 01CBD99B2445C432000611DF /* UserInfoViewController.swift */; };
		01CBD99F2445C432000611DF /* Main.storyboard in Resources */ = {isa = PBXBuildFile; fileRef = 01CBD99D2445C432000611DF /* Main.storyboard */; };
		01CBD9A42445C432000611DF /* Assets.xcassets in Resources */ = {isa = PBXBuildFile; fileRef = 01CBD9A32445C432000611DF /* Assets.xcassets */; };
		01CBD9A72445C432000611DF /* LaunchScreen.storyboard in Resources */ = {isa = PBXBuildFile; fileRef = 01CBD9A52445C432000611DF /* LaunchScreen.storyboard */; };
		7A9E23DBB3C3B32E68651AF9 /* Pods_13033.framework in Frameworks */ = {isa = PBXBuildFile; fileRef = 39EBF689DF40880CD7977117 /* Pods_13033.framework */; };
/* End PBXBuildFile section */

/* Begin PBXFileReference section */
		01ABD45A2446153800BA39BD /* UIView+Extensions.swift */ = {isa = PBXFileReference; fileEncoding = 4; lastKnownFileType = sourcecode.swift; path = "UIView+Extensions.swift"; sourceTree = "<group>"; };
		01ABD45B2446153800BA39BD /* UIColor+Extensions.swift */ = {isa = PBXFileReference; fileEncoding = 4; lastKnownFileType = sourcecode.swift; path = "UIColor+Extensions.swift"; sourceTree = "<group>"; };
		01ABD45C2446153800BA39BD /* CALayer+Extensions.swift */ = {isa = PBXFileReference; fileEncoding = 4; lastKnownFileType = sourcecode.swift; path = "CALayer+Extensions.swift"; sourceTree = "<group>"; };
		01ABD45D2446153800BA39BD /* UILabel+Extensions.swift */ = {isa = PBXFileReference; fileEncoding = 4; lastKnownFileType = sourcecode.swift; path = "UILabel+Extensions.swift"; sourceTree = "<group>"; };
		01ABD467244620A800BA39BD /* User.swift */ = {isa = PBXFileReference; lastKnownFileType = sourcecode.swift; path = User.swift; sourceTree = "<group>"; };
		01CBD9942445C432000611DF /* 13033.app */ = {isa = PBXFileReference; explicitFileType = wrapper.application; includeInIndex = 0; path = 13033.app; sourceTree = BUILT_PRODUCTS_DIR; };
		01CBD9972445C432000611DF /* AppDelegate.swift */ = {isa = PBXFileReference; lastKnownFileType = sourcecode.swift; path = AppDelegate.swift; sourceTree = "<group>"; };
		01CBD99B2445C432000611DF /* UserInfoViewController.swift */ = {isa = PBXFileReference; lastKnownFileType = sourcecode.swift; path = UserInfoViewController.swift; sourceTree = "<group>"; };
		01CBD99E2445C432000611DF /* Base */ = {isa = PBXFileReference; lastKnownFileType = file.storyboard; name = Base; path = Base.lproj/Main.storyboard; sourceTree = "<group>"; };
		01CBD9A32445C432000611DF /* Assets.xcassets */ = {isa = PBXFileReference; lastKnownFileType = folder.assetcatalog; path = Assets.xcassets; sourceTree = "<group>"; };
		01CBD9A62445C432000611DF /* Base */ = {isa = PBXFileReference; lastKnownFileType = file.storyboard; name = Base; path = Base.lproj/LaunchScreen.storyboard; sourceTree = "<group>"; };
		01CBD9A82445C432000611DF /* Info.plist */ = {isa = PBXFileReference; lastKnownFileType = text.plist.xml; path = Info.plist; sourceTree = "<group>"; };
		2EAC0081108B7A29D2FCDD54 /* Pods-13033.debug.xcconfig */ = {isa = PBXFileReference; includeInIndex = 1; lastKnownFileType = text.xcconfig; name = "Pods-13033.debug.xcconfig"; path = "Target Support Files/Pods-13033/Pods-13033.debug.xcconfig"; sourceTree = "<group>"; };
		39EBF689DF40880CD7977117 /* Pods_13033.framework */ = {isa = PBXFileReference; explicitFileType = wrapper.framework; includeInIndex = 0; path = Pods_13033.framework; sourceTree = BUILT_PRODUCTS_DIR; };
		8A6AE1939AD60EF5C80350EB /* Pods-13033.release.xcconfig */ = {isa = PBXFileReference; includeInIndex = 1; lastKnownFileType = text.xcconfig; name = "Pods-13033.release.xcconfig"; path = "Target Support Files/Pods-13033/Pods-13033.release.xcconfig"; sourceTree = "<group>"; };
/* End PBXFileReference section */

/* Begin PBXFrameworksBuildPhase section */
		01CBD9912445C432000611DF /* Frameworks */ = {
			isa = PBXFrameworksBuildPhase;
			buildActionMask = 2147483647;
			files = (
				7A9E23DBB3C3B32E68651AF9 /* Pods_13033.framework in Frameworks */,
			);
			runOnlyForDeploymentPostprocessing = 0;
		};
/* End PBXFrameworksBuildPhase section */

/* Begin PBXGroup section */
		01ABD4582446153800BA39BD /* Extensions */ = {
			isa = PBXGroup;
			children = (
				01ABD45A2446153800BA39BD /* UIView+Extensions.swift */,
				01ABD45B2446153800BA39BD /* UIColor+Extensions.swift */,
				01ABD45C2446153800BA39BD /* CALayer+Extensions.swift */,
				01ABD45D2446153800BA39BD /* UILabel+Extensions.swift */,
			);
			path = Extensions;
			sourceTree = "<group>";
		};
		01ABD46624461DC900BA39BD /* Model */ = {
			isa = PBXGroup;
			children = (
				01ABD467244620A800BA39BD /* User.swift */,
			);
			path = Model;
			sourceTree = "<group>";
		};
		01CBD98B2445C432000611DF = {
			isa = PBXGroup;
			children = (
				01CBD9962445C432000611DF /* 13033 */,
				01CBD9952445C432000611DF /* Products */,
				8315DBCC3E9DAF23624EEB33 /* Pods */,
				4501754FC1C12C1C4AC4B32F /* Frameworks */,
			);
			sourceTree = "<group>";
		};
		01CBD9952445C432000611DF /* Products */ = {
			isa = PBXGroup;
			children = (
				01CBD9942445C432000611DF /* 13033.app */,
			);
			name = Products;
			sourceTree = "<group>";
		};
		01CBD9962445C432000611DF /* 13033 */ = {
			isa = PBXGroup;
			children = (
				01ABD46624461DC900BA39BD /* Model */,
				01ABD4582446153800BA39BD /* Extensions */,
				01CBD9972445C432000611DF /* AppDelegate.swift */,
				01CBD99B2445C432000611DF /* UserInfoViewController.swift */,
				01CBD99D2445C432000611DF /* Main.storyboard */,
				01CBD9A32445C432000611DF /* Assets.xcassets */,
				01CBD9A52445C432000611DF /* LaunchScreen.storyboard */,
				01CBD9A82445C432000611DF /* Info.plist */,
			);
			path = 13033;
			sourceTree = "<group>";
		};
		4501754FC1C12C1C4AC4B32F /* Frameworks */ = {
			isa = PBXGroup;
			children = (
				39EBF689DF40880CD7977117 /* Pods_13033.framework */,
			);
			name = Frameworks;
			sourceTree = "<group>";
		};
		8315DBCC3E9DAF23624EEB33 /* Pods */ = {
			isa = PBXGroup;
			children = (
				2EAC0081108B7A29D2FCDD54 /* Pods-13033.debug.xcconfig */,
				8A6AE1939AD60EF5C80350EB /* Pods-13033.release.xcconfig */,
			);
			path = Pods;
			sourceTree = "<group>";
		};
/* End PBXGroup section */

/* Begin PBXNativeTarget section */
		01CBD9932445C432000611DF /* 13033 */ = {
			isa = PBXNativeTarget;
			buildConfigurationList = 01CBD9AB2445C433000611DF /* Build configuration list for PBXNativeTarget "13033" */;
			buildPhases = (
				BDAB545E2D85FA9B75F434D0 /* [CP] Check Pods Manifest.lock */,
				01CBD9902445C432000611DF /* Sources */,
				01CBD9912445C432000611DF /* Frameworks */,
				01CBD9922445C432000611DF /* Resources */,
				5919D977859C4A207802F240 /* [CP] Embed Pods Frameworks */,
			);
			buildRules = (
			);
			dependencies = (
			);
			name = 13033;
			productName = 13033;
			productReference = 01CBD9942445C432000611DF /* 13033.app */;
			productType = "com.apple.product-type.application";
		};
/* End PBXNativeTarget section */

/* Begin PBXProject section */
		01CBD98C2445C432000611DF /* Project object */ = {
			isa = PBXProject;
			attributes = {
				LastSwiftUpdateCheck = 1130;
				LastUpgradeCheck = 1130;
				ORGANIZATIONNAME = "Nikolaos Athanasiou";
				TargetAttributes = {
					01CBD9932445C432000611DF = {
						CreatedOnToolsVersion = 11.3.1;
					};
				};
			};
			buildConfigurationList = 01CBD98F2445C432000611DF /* Build configuration list for PBXProject "13033" */;
			compatibilityVersion = "Xcode 9.3";
			developmentRegion = en;
			hasScannedForEncodings = 0;
			knownRegions = (
				en,
				Base,
			);
			mainGroup = 01CBD98B2445C432000611DF;
			productRefGroup = 01CBD9952445C432000611DF /* Products */;
			projectDirPath = "";
			projectRoot = "";
			targets = (
				01CBD9932445C432000611DF /* 13033 */,
			);
		};
/* End PBXProject section */

/* Begin PBXResourcesBuildPhase section */
		01CBD9922445C432000611DF /* Resources */ = {
			isa = PBXResourcesBuildPhase;
			buildActionMask = 2147483647;
			files = (
				01CBD9A72445C432000611DF /* LaunchScreen.storyboard in Resources */,
				01CBD9A42445C432000611DF /* Assets.xcassets in Resources */,
				01CBD99F2445C432000611DF /* Main.storyboard in Resources */,
			);
			runOnlyForDeploymentPostprocessing = 0;
		};
/* End PBXResourcesBuildPhase section */

/* Begin PBXShellScriptBuildPhase section */
		5919D977859C4A207802F240 /* [CP] Embed Pods Frameworks */ = {
			isa = PBXShellScriptBuildPhase;
			buildActionMask = 2147483647;
			files = (
			);
			inputFileListPaths = (
				"${PODS_ROOT}/Target Support Files/Pods-13033/Pods-13033-frameworks-${CONFIGURATION}-input-files.xcfilelist",
			);
			name = "[CP] Embed Pods Frameworks";
			outputFileListPaths = (
				"${PODS_ROOT}/Target Support Files/Pods-13033/Pods-13033-frameworks-${CONFIGURATION}-output-files.xcfilelist",
			);
			runOnlyForDeploymentPostprocessing = 0;
			shellPath = /bin/sh;
			shellScript = "\"${PODS_ROOT}/Target Support Files/Pods-13033/Pods-13033-frameworks.sh\"\n";
			showEnvVarsInLog = 0;
		};
		BDAB545E2D85FA9B75F434D0 /* [CP] Check Pods Manifest.lock */ = {
			isa = PBXShellScriptBuildPhase;
			buildActionMask = 2147483647;
			files = (
			);
			inputFileListPaths = (
			);
			inputPaths = (
				"${PODS_PODFILE_DIR_PATH}/Podfile.lock",
				"${PODS_ROOT}/Manifest.lock",
			);
			name = "[CP] Check Pods Manifest.lock";
			outputFileListPaths = (
			);
			outputPaths = (
				"$(DERIVED_FILE_DIR)/Pods-13033-checkManifestLockResult.txt",
			);
			runOnlyForDeploymentPostprocessing = 0;
			shellPath = /bin/sh;
			shellScript = "diff \"${PODS_PODFILE_DIR_PATH}/Podfile.lock\" \"${PODS_ROOT}/Manifest.lock\" > /dev/null\nif [ $? != 0 ] ; then\n    # print error to STDERR\n    echo \"error: The sandbox is not in sync with the Podfile.lock. Run 'pod install' or update your CocoaPods installation.\" >&2\n    exit 1\nfi\n# This output is used by Xcode 'outputs' to avoid re-running this script phase.\necho \"SUCCESS\" > \"${SCRIPT_OUTPUT_FILE_0}\"\n";
			showEnvVarsInLog = 0;
		};
/* End PBXShellScriptBuildPhase section */

/* Begin PBXSourcesBuildPhase section */
		01CBD9902445C432000611DF /* Sources */ = {
			isa = PBXSourcesBuildPhase;
			buildActionMask = 2147483647;
			files = (
				01ABD45F2446153800BA39BD /* UIView+Extensions.swift in Sources */,
				01ABD4612446153800BA39BD /* CALayer+Extensions.swift in Sources */,
				01ABD4602446153800BA39BD /* UIColor+Extensions.swift in Sources */,
				01CBD99C2445C432000611DF /* UserInfoViewController.swift in Sources */,
				01ABD4622446153800BA39BD /* UILabel+Extensions.swift in Sources */,
				01CBD9982445C432000611DF /* AppDelegate.swift in Sources */,
				01ABD468244620A800BA39BD /* User.swift in Sources */,
			);
			runOnlyForDeploymentPostprocessing = 0;
		};
/* End PBXSourcesBuildPhase section */

/* Begin PBXVariantGroup section */
		01CBD99D2445C432000611DF /* Main.storyboard */ = {
			isa = PBXVariantGroup;
			children = (
				01CBD99E2445C432000611DF /* Base */,
			);
			name = Main.storyboard;
			sourceTree = "<group>";
		};
		01CBD9A52445C432000611DF /* LaunchScreen.storyboard */ = {
			isa = PBXVariantGroup;
			children = (
				01CBD9A62445C432000611DF /* Base */,
			);
			name = LaunchScreen.storyboard;
			sourceTree = "<group>";
		};
/* End PBXVariantGroup section */

/* Begin XCBuildConfiguration section */
		01CBD9A92445C432000611DF /* Debug */ = {
			isa = XCBuildConfiguration;
			buildSettings = {
				ALWAYS_SEARCH_USER_PATHS = NO;
				CLANG_ANALYZER_NONNULL = YES;
				CLANG_ANALYZER_NUMBER_OBJECT_CONVERSION = YES_AGGRESSIVE;
				CLANG_CXX_LANGUAGE_STANDARD = "gnu++14";
				CLANG_CXX_LIBRARY = "libc++";
				CLANG_ENABLE_MODULES = YES;
				CLANG_ENABLE_OBJC_ARC = YES;
				CLANG_ENABLE_OBJC_WEAK = YES;
				CLANG_WARN_BLOCK_CAPTURE_AUTORELEASING = YES;
				CLANG_WARN_BOOL_CONVERSION = YES;
				CLANG_WARN_COMMA = YES;
				CLANG_WARN_CONSTANT_CONVERSION = YES;
				CLANG_WARN_DEPRECATED_OBJC_IMPLEMENTATIONS = YES;
				CLANG_WARN_DIRECT_OBJC_ISA_USAGE = YES_ERROR;
				CLANG_WARN_DOCUMENTATION_COMMENTS = YES;
				CLANG_WARN_EMPTY_BODY = YES;
				CLANG_WARN_ENUM_CONVERSION = YES;
				CLANG_WARN_INFINITE_RECURSION = YES;
				CLANG_WARN_INT_CONVERSION = YES;
				CLANG_WARN_NON_LITERAL_NULL_CONVERSION = YES;
				CLANG_WARN_OBJC_IMPLICIT_RETAIN_SELF = YES;
				CLANG_WARN_OBJC_LITERAL_CONVERSION = YES;
				CLANG_WARN_OBJC_ROOT_CLASS = YES_ERROR;
				CLANG_WARN_RANGE_LOOP_ANALYSIS = YES;
				CLANG_WARN_STRICT_PROTOTYPES = YES;
				CLANG_WARN_SUSPICIOUS_MOVE = YES;
				CLANG_WARN_UNGUARDED_AVAILABILITY = YES_AGGRESSIVE;
				CLANG_WARN_UNREACHABLE_CODE = YES;
				CLANG_WARN__DUPLICATE_METHOD_MATCH = YES;
				COPY_PHASE_STRIP = NO;
				DEBUG_INFORMATION_FORMAT = dwarf;
				ENABLE_STRICT_OBJC_MSGSEND = YES;
				ENABLE_TESTABILITY = YES;
				GCC_C_LANGUAGE_STANDARD = gnu11;
				GCC_DYNAMIC_NO_PIC = NO;
				GCC_NO_COMMON_BLOCKS = YES;
				GCC_OPTIMIZATION_LEVEL = 0;
				GCC_PREPROCESSOR_DEFINITIONS = (
					"DEBUG=1",
					"$(inherited)",
				);
				GCC_WARN_64_TO_32_BIT_CONVERSION = YES;
				GCC_WARN_ABOUT_RETURN_TYPE = YES_ERROR;
				GCC_WARN_UNDECLARED_SELECTOR = YES;
				GCC_WARN_UNINITIALIZED_AUTOS = YES_AGGRESSIVE;
				GCC_WARN_UNUSED_FUNCTION = YES;
				GCC_WARN_UNUSED_VARIABLE = YES;
				IPHONEOS_DEPLOYMENT_TARGET = 10.3;
				MTL_ENABLE_DEBUG_INFO = INCLUDE_SOURCE;
				MTL_FAST_MATH = YES;
				ONLY_ACTIVE_ARCH = YES;
				SDKROOT = iphoneos;
				SWIFT_ACTIVE_COMPILATION_CONDITIONS = DEBUG;
				SWIFT_OPTIMIZATION_LEVEL = "-Onone";
			};
			name = Debug;
		};
		01CBD9AA2445C432000611DF /* Release */ = {
			isa = XCBuildConfiguration;
			buildSettings = {
				ALWAYS_SEARCH_USER_PATHS = NO;
				CLANG_ANALYZER_NONNULL = YES;
				CLANG_ANALYZER_NUMBER_OBJECT_CONVERSION = YES_AGGRESSIVE;
				CLANG_CXX_LANGUAGE_STANDARD = "gnu++14";
				CLANG_CXX_LIBRARY = "libc++";
				CLANG_ENABLE_MODULES = YES;
				CLANG_ENABLE_OBJC_ARC = YES;
				CLANG_ENABLE_OBJC_WEAK = YES;
				CLANG_WARN_BLOCK_CAPTURE_AUTORELEASING = YES;
				CLANG_WARN_BOOL_CONVERSION = YES;
				CLANG_WARN_COMMA = YES;
				CLANG_WARN_CONSTANT_CONVERSION = YES;
				CLANG_WARN_DEPRECATED_OBJC_IMPLEMENTATIONS = YES;
				CLANG_WARN_DIRECT_OBJC_ISA_USAGE = YES_ERROR;
				CLANG_WARN_DOCUMENTATION_COMMENTS = YES;
				CLANG_WARN_EMPTY_BODY = YES;
				CLANG_WARN_ENUM_CONVERSION = YES;
				CLANG_WARN_INFINITE_RECURSION = YES;
				CLANG_WARN_INT_CONVERSION = YES;
				CLANG_WARN_NON_LITERAL_NULL_CONVERSION = YES;
				CLANG_WARN_OBJC_IMPLICIT_RETAIN_SELF = YES;
				CLANG_WARN_OBJC_LITERAL_CONVERSION = YES;
				CLANG_WARN_OBJC_ROOT_CLASS = YES_ERROR;
				CLANG_WARN_RANGE_LOOP_ANALYSIS = YES;
				CLANG_WARN_STRICT_PROTOTYPES = YES;
				CLANG_WARN_SUSPICIOUS_MOVE = YES;
				CLANG_WARN_UNGUARDED_AVAILABILITY = YES_AGGRESSIVE;
				CLANG_WARN_UNREACHABLE_CODE = YES;
				CLANG_WARN__DUPLICATE_METHOD_MATCH = YES;
				COPY_PHASE_STRIP = NO;
				DEBUG_INFORMATION_FORMAT = "dwarf-with-dsym";
				ENABLE_NS_ASSERTIONS = NO;
				ENABLE_STRICT_OBJC_MSGSEND = YES;
				GCC_C_LANGUAGE_STANDARD = gnu11;
				GCC_NO_COMMON_BLOCKS = YES;
				GCC_WARN_64_TO_32_BIT_CONVERSION = YES;
				GCC_WARN_ABOUT_RETURN_TYPE = YES_ERROR;
				GCC_WARN_UNDECLARED_SELECTOR = YES;
				GCC_WARN_UNINITIALIZED_AUTOS = YES_AGGRESSIVE;
				GCC_WARN_UNUSED_FUNCTION = YES;
				GCC_WARN_UNUSED_VARIABLE = YES;
				IPHONEOS_DEPLOYMENT_TARGET = 10.3;
				MTL_ENABLE_DEBUG_INFO = NO;
				MTL_FAST_MATH = YES;
				SDKROOT = iphoneos;
				SWIFT_COMPILATION_MODE = wholemodule;
				SWIFT_OPTIMIZATION_LEVEL = "-O";
				VALIDATE_PRODUCT = YES;
			};
			name = Release;
		};
		01CBD9AC2445C433000611DF /* Debug */ = {
			isa = XCBuildConfiguration;
			baseConfigurationReference = 2EAC0081108B7A29D2FCDD54 /* Pods-13033.debug.xcconfig */;
			buildSettings = {
				ASSETCATALOG_COMPILER_APPICON_NAME = AppIcon;
				CODE_SIGN_STYLE = Automatic;
				DEVELOPMENT_TEAM = X5PNQ55UN4;
				INFOPLIST_FILE = 13033/Info.plist;
				IPHONEOS_DEPLOYMENT_TARGET = 10.3;
				LD_RUNPATH_SEARCH_PATHS = (
					"$(inherited)",
					"@executable_path/Frameworks",
				);
				PRODUCT_BUNDLE_IDENTIFIER = "com.athanasiou.-3033";
				PRODUCT_NAME = "$(TARGET_NAME)";
				SWIFT_VERSION = 5.0;
				TARGETED_DEVICE_FAMILY = 1;
			};
			name = Debug;
		};
		01CBD9AD2445C433000611DF /* Release */ = {
			isa = XCBuildConfiguration;
			baseConfigurationReference = 8A6AE1939AD60EF5C80350EB /* Pods-13033.release.xcconfig */;
			buildSettings = {
				ASSETCATALOG_COMPILER_APPICON_NAME = AppIcon;
				CODE_SIGN_STYLE = Automatic;
				DEVELOPMENT_TEAM = X5PNQ55UN4;
				INFOPLIST_FILE = 13033/Info.plist;
				IPHONEOS_DEPLOYMENT_TARGET = 10.3;
				LD_RUNPATH_SEARCH_PATHS = (
					"$(inherited)",
					"@executable_path/Frameworks",
				);
				PRODUCT_BUNDLE_IDENTIFIER = "com.athanasiou.-3033";
				PRODUCT_NAME = "$(TARGET_NAME)";
				SWIFT_VERSION = 5.0;
				TARGETED_DEVICE_FAMILY = 1;
			};
			name = Release;
		};
/* End XCBuildConfiguration section */

/* Begin XCConfigurationList section */
		01CBD98F2445C432000611DF /* Build configuration list for PBXProject "13033" */ = {
			isa = XCConfigurationList;
			buildConfigurations = (
				01CBD9A92445C432000611DF /* Debug */,
				01CBD9AA2445C432000611DF /* Release */,
			);
			defaultConfigurationIsVisible = 0;
			defaultConfigurationName = Release;
		};
		01CBD9AB2445C433000611DF /* Build configuration list for PBXNativeTarget "13033" */ = {
			isa = XCConfigurationList;
			buildConfigurations = (
				01CBD9AC2445C433000611DF /* Debug */,
				01CBD9AD2445C433000611DF /* Release */,
			);
			defaultConfigurationIsVisible = 0;
			defaultConfigurationName = Release;
		};
/* End XCConfigurationList section */
	};
	rootObject = 01CBD98C2445C432000611DF /* Project object */;
}
