// !$*UTF8*$!
{
	archiveVersion = 1;
	classes = {
	};
	objectVersion = 51;
	objects = {

/* Begin PBXBuildFile section */
		011E7F2924475732004484D6 /* SettingsViewController.swift in Sources */ = {isa = PBXBuildFile; fileRef = 011E7F2824475732004484D6 /* SettingsViewController.swift */; };
		011E7F2B24475CAF004484D6 /* Setting.swift in Sources */ = {isa = PBXBuildFile; fileRef = 011E7F2A24475CAF004484D6 /* Setting.swift */; };
		011E7F2E2447622E004484D6 /* ILTableViewCell.swift in Sources */ = {isa = PBXBuildFile; fileRef = 011E7F2D2447622E004484D6 /* ILTableViewCell.swift */; };
		011E7F3024476BE0004484D6 /* StoreUtils.swift in Sources */ = {isa = PBXBuildFile; fileRef = 011E7F2F24476BE0004484D6 /* StoreUtils.swift */; };
		011E7F36244779B3004484D6 /* Localizable.strings in Resources */ = {isa = PBXBuildFile; fileRef = 011E7F38244779B3004484D6 /* Localizable.strings */; };
		0163ABCD24478C3A0064E39B /* WebUtils.swift in Sources */ = {isa = PBXBuildFile; fileRef = 0163ABCC24478C3A0064E39B /* WebUtils.swift */; };
		01ABD45F2446153800BA39BD /* UIView+Extensions.swift in Sources */ = {isa = PBXBuildFile; fileRef = 01ABD45A2446153800BA39BD /* UIView+Extensions.swift */; };
		01ABD4602446153800BA39BD /* UIColor+Extensions.swift in Sources */ = {isa = PBXBuildFile; fileRef = 01ABD45B2446153800BA39BD /* UIColor+Extensions.swift */; };
		01ABD4612446153800BA39BD /* CALayer+Extensions.swift in Sources */ = {isa = PBXBuildFile; fileRef = 01ABD45C2446153800BA39BD /* CALayer+Extensions.swift */; };
		01ABD468244620A800BA39BD /* User.swift in Sources */ = {isa = PBXBuildFile; fileRef = 01ABD467244620A800BA39BD /* User.swift */; };
		01ABD46A244625FF00BA39BD /* MovementViewController.swift in Sources */ = {isa = PBXBuildFile; fileRef = 01ABD469244625FF00BA39BD /* MovementViewController.swift */; };
		01ABD46C244626BA00BA39BD /* Movement.swift in Sources */ = {isa = PBXBuildFile; fileRef = 01ABD46B244626BA00BA39BD /* Movement.swift */; };
		01ABD46F244633B300BA39BD /* MessageService.swift in Sources */ = {isa = PBXBuildFile; fileRef = 01ABD46E244633B300BA39BD /* MessageService.swift */; };
		01ABD47424470F3800BA39BD /* UITextField+Extensions.swift in Sources */ = {isa = PBXBuildFile; fileRef = 01ABD47324470F3800BA39BD /* UITextField+Extensions.swift */; };
		01ABD47724470FC400BA39BD /* Typography.swift in Sources */ = {isa = PBXBuildFile; fileRef = 01ABD47624470FC400BA39BD /* Typography.swift */; };
		01ABD47B2447101E00BA39BD /* ColorAssets.xcassets in Resources */ = {isa = PBXBuildFile; fileRef = 01ABD47A2447101E00BA39BD /* ColorAssets.xcassets */; };
		01ABD47D2447201800BA39BD /* UIVIewController+Extensions.swift in Sources */ = {isa = PBXBuildFile; fileRef = 01ABD47C2447201800BA39BD /* UIVIewController+Extensions.swift */; };
		01ABD47F244723F300BA39BD /* Color.swift in Sources */ = {isa = PBXBuildFile; fileRef = 01ABD47E244723F300BA39BD /* Color.swift */; };
		01CBD9982445C432000611DF /* AppDelegate.swift in Sources */ = {isa = PBXBuildFile; fileRef = 01CBD9972445C432000611DF /* AppDelegate.swift */; };
		01CBD99C2445C432000611DF /* UserInfoViewController.swift in Sources */ = {isa = PBXBuildFile; fileRef = 01CBD99B2445C432000611DF /* UserInfoViewController.swift */; };
		01CBD99F2445C432000611DF /* Main.storyboard in Resources */ = {isa = PBXBuildFile; fileRef = 01CBD99D2445C432000611DF /* Main.storyboard */; };
		01CBD9A42445C432000611DF /* Assets.xcassets in Resources */ = {isa = PBXBuildFile; fileRef = 01CBD9A32445C432000611DF /* Assets.xcassets */; };
		01CBD9A72445C432000611DF /* LaunchScreen.storyboard in Resources */ = {isa = PBXBuildFile; fileRef = 01CBD9A52445C432000611DF /* LaunchScreen.storyboard */; };
		01E1D09C24474F3900754E00 /* AlertUtils.swift in Sources */ = {isa = PBXBuildFile; fileRef = 01E1D09B24474F3900754E00 /* AlertUtils.swift */; };
		01FB7F5A2447B628009C33F7 /* DesignableImageView.swift in Sources */ = {isa = PBXBuildFile; fileRef = 0163ABD02447B3F50064E39B /* DesignableImageView.swift */; };
		01FB7F5B2447B628009C33F7 /* KeyboardLayoutConstraint.swift in Sources */ = {isa = PBXBuildFile; fileRef = 0163ABD12447B3F50064E39B /* KeyboardLayoutConstraint.swift */; };
		01FB7F5C2447B628009C33F7 /* TransitionManager.swift in Sources */ = {isa = PBXBuildFile; fileRef = 0163ABD22447B3F50064E39B /* TransitionManager.swift */; };
		01FB7F5D2447B628009C33F7 /* TransitionZoom.swift in Sources */ = {isa = PBXBuildFile; fileRef = 0163ABD32447B3F50064E39B /* TransitionZoom.swift */; };
		01FB7F5E2447B628009C33F7 /* ImageLoader.swift in Sources */ = {isa = PBXBuildFile; fileRef = 0163ABD42447B3F50064E39B /* ImageLoader.swift */; };
		01FB7F5F2447B628009C33F7 /* Spring.swift in Sources */ = {isa = PBXBuildFile; fileRef = 0163ABD52447B3F50064E39B /* Spring.swift */; };
		01FB7F602447B628009C33F7 /* SpringImageView.swift in Sources */ = {isa = PBXBuildFile; fileRef = 0163ABD62447B3F50064E39B /* SpringImageView.swift */; };
		01FB7F612447B628009C33F7 /* DesignableLabel.swift in Sources */ = {isa = PBXBuildFile; fileRef = 0163ABD72447B3F50064E39B /* DesignableLabel.swift */; };
		01FB7F622447B628009C33F7 /* SoundPlayer.swift in Sources */ = {isa = PBXBuildFile; fileRef = 0163ABD82447B3F50064E39B /* SoundPlayer.swift */; };
		01FB7F632447B628009C33F7 /* BlurView.swift in Sources */ = {isa = PBXBuildFile; fileRef = 0163ABD92447B3F50064E39B /* BlurView.swift */; };
		01FB7F642447B628009C33F7 /* DesignableTextField.swift in Sources */ = {isa = PBXBuildFile; fileRef = 0163ABDA2447B3F50064E39B /* DesignableTextField.swift */; };
		01FB7F652447B628009C33F7 /* SpringButton.swift in Sources */ = {isa = PBXBuildFile; fileRef = 0163ABDB2447B3F50064E39B /* SpringButton.swift */; };
		01FB7F662447B628009C33F7 /* SpringTextView.swift in Sources */ = {isa = PBXBuildFile; fileRef = 0163ABDC2447B3F50064E39B /* SpringTextView.swift */; };
		01FB7F672447B628009C33F7 /* Misc.swift in Sources */ = {isa = PBXBuildFile; fileRef = 0163ABDD2447B3F50064E39B /* Misc.swift */; };
		01FB7F682447B628009C33F7 /* SpringView.swift in Sources */ = {isa = PBXBuildFile; fileRef = 0163ABDE2447B3F50064E39B /* SpringView.swift */; };
		01FB7F692447B628009C33F7 /* DesignableButton.swift in Sources */ = {isa = PBXBuildFile; fileRef = 0163ABDF2447B3F50064E39B /* DesignableButton.swift */; };
		01FB7F6A2447B628009C33F7 /* SpringTextField.swift in Sources */ = {isa = PBXBuildFile; fileRef = 0163ABE02447B3F50064E39B /* SpringTextField.swift */; };
		01FB7F6B2447B628009C33F7 /* DesignableView.swift in Sources */ = {isa = PBXBuildFile; fileRef = 0163ABE12447B3F50064E39B /* DesignableView.swift */; };
		01FB7F6C2447B628009C33F7 /* DesignableTabBarController.swift in Sources */ = {isa = PBXBuildFile; fileRef = 0163ABE22447B3F50064E39B /* DesignableTabBarController.swift */; };
		01FB7F6D2447B628009C33F7 /* AsyncButton.swift in Sources */ = {isa = PBXBuildFile; fileRef = 0163ABE32447B3F50064E39B /* AsyncButton.swift */; };
		01FB7F6E2447B628009C33F7 /* LoadingView.xib in Resources */ = {isa = PBXBuildFile; fileRef = 0163ABE42447B3F50064E39B /* LoadingView.xib */; };
		01FB7F6F2447B628009C33F7 /* SpringLabel.swift in Sources */ = {isa = PBXBuildFile; fileRef = 0163ABE52447B3F50064E39B /* SpringLabel.swift */; };
		01FB7F702447B628009C33F7 /* DesignableTextView.swift in Sources */ = {isa = PBXBuildFile; fileRef = 0163ABE72447B3F50064E39B /* DesignableTextView.swift */; };
		01FB7F712447B628009C33F7 /* AutoTextView.swift in Sources */ = {isa = PBXBuildFile; fileRef = 0163ABE82447B3F50064E39B /* AutoTextView.swift */; };
		01FB7F722447B628009C33F7 /* SpringAnimation.swift in Sources */ = {isa = PBXBuildFile; fileRef = 0163ABE92447B3F50064E39B /* SpringAnimation.swift */; };
		01FB7F732447B628009C33F7 /* UnwindSegue.swift in Sources */ = {isa = PBXBuildFile; fileRef = 0163ABEA2447B3F50064E39B /* UnwindSegue.swift */; };
		01FB7F742447B628009C33F7 /* LoadingView.swift in Sources */ = {isa = PBXBuildFile; fileRef = 0163ABEB2447B3F50064E39B /* LoadingView.swift */; };
		01FB7F752447B628009C33F7 /* AsyncImageView.swift in Sources */ = {isa = PBXBuildFile; fileRef = 0163ABED2447B3F50064E39B /* AsyncImageView.swift */; };
		0EA579540C4627FC4AFF4A54 /* Pods_13033.framework in Frameworks */ = {isa = PBXBuildFile; fileRef = 0046C2ACDC4ADB2F4A9781E1 /* Pods_13033.framework */; };
/* End PBXBuildFile section */

/* Begin PBXFileReference section */
		0046C2ACDC4ADB2F4A9781E1 /* Pods_13033.framework */ = {isa = PBXFileReference; explicitFileType = wrapper.framework; includeInIndex = 0; path = Pods_13033.framework; sourceTree = BUILT_PRODUCTS_DIR; };
		011E7F2824475732004484D6 /* SettingsViewController.swift */ = {isa = PBXFileReference; lastKnownFileType = sourcecode.swift; path = SettingsViewController.swift; sourceTree = "<group>"; };
		011E7F2A24475CAF004484D6 /* Setting.swift */ = {isa = PBXFileReference; lastKnownFileType = sourcecode.swift; path = Setting.swift; sourceTree = "<group>"; };
		011E7F2D2447622E004484D6 /* ILTableViewCell.swift */ = {isa = PBXFileReference; lastKnownFileType = sourcecode.swift; path = ILTableViewCell.swift; sourceTree = "<group>"; };
		011E7F2F24476BE0004484D6 /* StoreUtils.swift */ = {isa = PBXFileReference; lastKnownFileType = sourcecode.swift; path = StoreUtils.swift; sourceTree = "<group>"; };
		011E7F37244779B3004484D6 /* en */ = {isa = PBXFileReference; lastKnownFileType = text.plist.strings; name = en; path = en.lproj/Localizable.strings; sourceTree = "<group>"; };
		011E7F39244779C8004484D6 /* el */ = {isa = PBXFileReference; lastKnownFileType = text.plist.strings; name = el; path = el.lproj/Localizable.strings; sourceTree = "<group>"; };
		0163ABCC24478C3A0064E39B /* WebUtils.swift */ = {isa = PBXFileReference; lastKnownFileType = sourcecode.swift; path = WebUtils.swift; sourceTree = "<group>"; };
		0163ABD02447B3F50064E39B /* DesignableImageView.swift */ = {isa = PBXFileReference; fileEncoding = 4; lastKnownFileType = sourcecode.swift; path = DesignableImageView.swift; sourceTree = "<group>"; };
		0163ABD12447B3F50064E39B /* KeyboardLayoutConstraint.swift */ = {isa = PBXFileReference; fileEncoding = 4; lastKnownFileType = sourcecode.swift; path = KeyboardLayoutConstraint.swift; sourceTree = "<group>"; };
		0163ABD22447B3F50064E39B /* TransitionManager.swift */ = {isa = PBXFileReference; fileEncoding = 4; lastKnownFileType = sourcecode.swift; path = TransitionManager.swift; sourceTree = "<group>"; };
		0163ABD32447B3F50064E39B /* TransitionZoom.swift */ = {isa = PBXFileReference; fileEncoding = 4; lastKnownFileType = sourcecode.swift; path = TransitionZoom.swift; sourceTree = "<group>"; };
		0163ABD42447B3F50064E39B /* ImageLoader.swift */ = {isa = PBXFileReference; fileEncoding = 4; lastKnownFileType = sourcecode.swift; path = ImageLoader.swift; sourceTree = "<group>"; };
		0163ABD52447B3F50064E39B /* Spring.swift */ = {isa = PBXFileReference; fileEncoding = 4; lastKnownFileType = sourcecode.swift; path = Spring.swift; sourceTree = "<group>"; };
		0163ABD62447B3F50064E39B /* SpringImageView.swift */ = {isa = PBXFileReference; fileEncoding = 4; lastKnownFileType = sourcecode.swift; path = SpringImageView.swift; sourceTree = "<group>"; };
		0163ABD72447B3F50064E39B /* DesignableLabel.swift */ = {isa = PBXFileReference; fileEncoding = 4; lastKnownFileType = sourcecode.swift; path = DesignableLabel.swift; sourceTree = "<group>"; };
		0163ABD82447B3F50064E39B /* SoundPlayer.swift */ = {isa = PBXFileReference; fileEncoding = 4; lastKnownFileType = sourcecode.swift; path = SoundPlayer.swift; sourceTree = "<group>"; };
		0163ABD92447B3F50064E39B /* BlurView.swift */ = {isa = PBXFileReference; fileEncoding = 4; lastKnownFileType = sourcecode.swift; path = BlurView.swift; sourceTree = "<group>"; };
		0163ABDA2447B3F50064E39B /* DesignableTextField.swift */ = {isa = PBXFileReference; fileEncoding = 4; lastKnownFileType = sourcecode.swift; path = DesignableTextField.swift; sourceTree = "<group>"; };
		0163ABDB2447B3F50064E39B /* SpringButton.swift */ = {isa = PBXFileReference; fileEncoding = 4; lastKnownFileType = sourcecode.swift; path = SpringButton.swift; sourceTree = "<group>"; };
		0163ABDC2447B3F50064E39B /* SpringTextView.swift */ = {isa = PBXFileReference; fileEncoding = 4; lastKnownFileType = sourcecode.swift; path = SpringTextView.swift; sourceTree = "<group>"; };
		0163ABDD2447B3F50064E39B /* Misc.swift */ = {isa = PBXFileReference; fileEncoding = 4; lastKnownFileType = sourcecode.swift; path = Misc.swift; sourceTree = "<group>"; };
		0163ABDE2447B3F50064E39B /* SpringView.swift */ = {isa = PBXFileReference; fileEncoding = 4; lastKnownFileType = sourcecode.swift; path = SpringView.swift; sourceTree = "<group>"; };
		0163ABDF2447B3F50064E39B /* DesignableButton.swift */ = {isa = PBXFileReference; fileEncoding = 4; lastKnownFileType = sourcecode.swift; path = DesignableButton.swift; sourceTree = "<group>"; };
		0163ABE02447B3F50064E39B /* SpringTextField.swift */ = {isa = PBXFileReference; fileEncoding = 4; lastKnownFileType = sourcecode.swift; path = SpringTextField.swift; sourceTree = "<group>"; };
		0163ABE12447B3F50064E39B /* DesignableView.swift */ = {isa = PBXFileReference; fileEncoding = 4; lastKnownFileType = sourcecode.swift; path = DesignableView.swift; sourceTree = "<group>"; };
		0163ABE22447B3F50064E39B /* DesignableTabBarController.swift */ = {isa = PBXFileReference; fileEncoding = 4; lastKnownFileType = sourcecode.swift; path = DesignableTabBarController.swift; sourceTree = "<group>"; };
		0163ABE32447B3F50064E39B /* AsyncButton.swift */ = {isa = PBXFileReference; fileEncoding = 4; lastKnownFileType = sourcecode.swift; path = AsyncButton.swift; sourceTree = "<group>"; };
		0163ABE42447B3F50064E39B /* LoadingView.xib */ = {isa = PBXFileReference; fileEncoding = 4; lastKnownFileType = file.xib; path = LoadingView.xib; sourceTree = "<group>"; };
		0163ABE52447B3F50064E39B /* SpringLabel.swift */ = {isa = PBXFileReference; fileEncoding = 4; lastKnownFileType = sourcecode.swift; path = SpringLabel.swift; sourceTree = "<group>"; };
		0163ABE62447B3F50064E39B /* Spring.h */ = {isa = PBXFileReference; fileEncoding = 4; lastKnownFileType = sourcecode.c.h; path = Spring.h; sourceTree = "<group>"; };
		0163ABE72447B3F50064E39B /* DesignableTextView.swift */ = {isa = PBXFileReference; fileEncoding = 4; lastKnownFileType = sourcecode.swift; path = DesignableTextView.swift; sourceTree = "<group>"; };
		0163ABE82447B3F50064E39B /* AutoTextView.swift */ = {isa = PBXFileReference; fileEncoding = 4; lastKnownFileType = sourcecode.swift; path = AutoTextView.swift; sourceTree = "<group>"; };
		0163ABE92447B3F50064E39B /* SpringAnimation.swift */ = {isa = PBXFileReference; fileEncoding = 4; lastKnownFileType = sourcecode.swift; path = SpringAnimation.swift; sourceTree = "<group>"; };
		0163ABEA2447B3F50064E39B /* UnwindSegue.swift */ = {isa = PBXFileReference; fileEncoding = 4; lastKnownFileType = sourcecode.swift; path = UnwindSegue.swift; sourceTree = "<group>"; };
		0163ABEB2447B3F50064E39B /* LoadingView.swift */ = {isa = PBXFileReference; fileEncoding = 4; lastKnownFileType = sourcecode.swift; path = LoadingView.swift; sourceTree = "<group>"; };
		0163ABED2447B3F50064E39B /* AsyncImageView.swift */ = {isa = PBXFileReference; fileEncoding = 4; lastKnownFileType = sourcecode.swift; path = AsyncImageView.swift; sourceTree = "<group>"; };
		01ABD45A2446153800BA39BD /* UIView+Extensions.swift */ = {isa = PBXFileReference; fileEncoding = 4; lastKnownFileType = sourcecode.swift; path = "UIView+Extensions.swift"; sourceTree = "<group>"; };
		01ABD45B2446153800BA39BD /* UIColor+Extensions.swift */ = {isa = PBXFileReference; fileEncoding = 4; lastKnownFileType = sourcecode.swift; path = "UIColor+Extensions.swift"; sourceTree = "<group>"; };
		01ABD45C2446153800BA39BD /* CALayer+Extensions.swift */ = {isa = PBXFileReference; fileEncoding = 4; lastKnownFileType = sourcecode.swift; path = "CALayer+Extensions.swift"; sourceTree = "<group>"; };
		01ABD467244620A800BA39BD /* User.swift */ = {isa = PBXFileReference; lastKnownFileType = sourcecode.swift; path = User.swift; sourceTree = "<group>"; };
		01ABD469244625FF00BA39BD /* MovementViewController.swift */ = {isa = PBXFileReference; lastKnownFileType = sourcecode.swift; path = MovementViewController.swift; sourceTree = "<group>"; };
		01ABD46B244626BA00BA39BD /* Movement.swift */ = {isa = PBXFileReference; lastKnownFileType = sourcecode.swift; path = Movement.swift; sourceTree = "<group>"; };
		01ABD46E244633B300BA39BD /* MessageService.swift */ = {isa = PBXFileReference; lastKnownFileType = sourcecode.swift; path = MessageService.swift; sourceTree = "<group>"; };
		01ABD47324470F3800BA39BD /* UITextField+Extensions.swift */ = {isa = PBXFileReference; lastKnownFileType = sourcecode.swift; path = "UITextField+Extensions.swift"; sourceTree = "<group>"; };
		01ABD47624470FC400BA39BD /* Typography.swift */ = {isa = PBXFileReference; lastKnownFileType = sourcecode.swift; path = Typography.swift; sourceTree = "<group>"; };
		01ABD47A2447101E00BA39BD /* ColorAssets.xcassets */ = {isa = PBXFileReference; lastKnownFileType = folder.assetcatalog; path = ColorAssets.xcassets; sourceTree = "<group>"; };
		01ABD47C2447201800BA39BD /* UIVIewController+Extensions.swift */ = {isa = PBXFileReference; lastKnownFileType = sourcecode.swift; path = "UIVIewController+Extensions.swift"; sourceTree = "<group>"; };
		01ABD47E244723F300BA39BD /* Color.swift */ = {isa = PBXFileReference; lastKnownFileType = sourcecode.swift; path = Color.swift; sourceTree = "<group>"; };
		01CBD9942445C432000611DF /* 13033.app */ = {isa = PBXFileReference; explicitFileType = wrapper.application; includeInIndex = 0; path = 13033.app; sourceTree = BUILT_PRODUCTS_DIR; };
		01CBD9972445C432000611DF /* AppDelegate.swift */ = {isa = PBXFileReference; lastKnownFileType = sourcecode.swift; path = AppDelegate.swift; sourceTree = "<group>"; };
		01CBD99B2445C432000611DF /* UserInfoViewController.swift */ = {isa = PBXFileReference; lastKnownFileType = sourcecode.swift; path = UserInfoViewController.swift; sourceTree = "<group>"; };
		01CBD99E2445C432000611DF /* Base */ = {isa = PBXFileReference; lastKnownFileType = file.storyboard; name = Base; path = Base.lproj/Main.storyboard; sourceTree = "<group>"; };
		01CBD9A32445C432000611DF /* Assets.xcassets */ = {isa = PBXFileReference; lastKnownFileType = folder.assetcatalog; path = Assets.xcassets; sourceTree = "<group>"; };
		01CBD9A62445C432000611DF /* Base */ = {isa = PBXFileReference; lastKnownFileType = file.storyboard; name = Base; path = Base.lproj/LaunchScreen.storyboard; sourceTree = "<group>"; };
		01CBD9A82445C432000611DF /* Info.plist */ = {isa = PBXFileReference; lastKnownFileType = text.plist.xml; path = Info.plist; sourceTree = "<group>"; };
		01E1D09B24474F3900754E00 /* AlertUtils.swift */ = {isa = PBXFileReference; lastKnownFileType = sourcecode.swift; path = AlertUtils.swift; sourceTree = "<group>"; };
		8FD8075F47A5D72A2AB14CC0 /* Pods-13033.release.xcconfig */ = {isa = PBXFileReference; includeInIndex = 1; lastKnownFileType = text.xcconfig; name = "Pods-13033.release.xcconfig"; path = "Target Support Files/Pods-13033/Pods-13033.release.xcconfig"; sourceTree = "<group>"; };
		F3C7D5E69022AAB36C48A305 /* Pods-13033.debug.xcconfig */ = {isa = PBXFileReference; includeInIndex = 1; lastKnownFileType = text.xcconfig; name = "Pods-13033.debug.xcconfig"; path = "Target Support Files/Pods-13033/Pods-13033.debug.xcconfig"; sourceTree = "<group>"; };
/* End PBXFileReference section */

/* Begin PBXFrameworksBuildPhase section */
		01CBD9912445C432000611DF /* Frameworks */ = {
			isa = PBXFrameworksBuildPhase;
			buildActionMask = 2147483647;
			files = (
				0EA579540C4627FC4AFF4A54 /* Pods_13033.framework in Frameworks */,
			);
			runOnlyForDeploymentPostprocessing = 0;
		};
/* End PBXFrameworksBuildPhase section */

/* Begin PBXGroup section */
		011E7F2C24475E3A004484D6 /* TableViewCells */ = {
			isa = PBXGroup;
			children = (
				011E7F2D2447622E004484D6 /* ILTableViewCell.swift */,
			);
			path = TableViewCells;
			sourceTree = "<group>";
		};
		011E7F3324477980004484D6 /* Localization */ = {
			isa = PBXGroup;
			children = (
				011E7F38244779B3004484D6 /* Localizable.strings */,
			);
			path = Localization;
			sourceTree = "<group>";
		};
		0163ABCE2447B3DF0064E39B /* External Libraries */ = {
			isa = PBXGroup;
			children = (
				0163ABCF2447B3F50064E39B /* Spring */,
			);
			path = "External Libraries";
			sourceTree = "<group>";
		};
		0163ABCF2447B3F50064E39B /* Spring */ = {
			isa = PBXGroup;
			children = (
				0163ABD02447B3F50064E39B /* DesignableImageView.swift */,
				0163ABD12447B3F50064E39B /* KeyboardLayoutConstraint.swift */,
				0163ABD22447B3F50064E39B /* TransitionManager.swift */,
				0163ABD32447B3F50064E39B /* TransitionZoom.swift */,
				0163ABD42447B3F50064E39B /* ImageLoader.swift */,
				0163ABD52447B3F50064E39B /* Spring.swift */,
				0163ABD62447B3F50064E39B /* SpringImageView.swift */,
				0163ABD72447B3F50064E39B /* DesignableLabel.swift */,
				0163ABD82447B3F50064E39B /* SoundPlayer.swift */,
				0163ABD92447B3F50064E39B /* BlurView.swift */,
				0163ABDA2447B3F50064E39B /* DesignableTextField.swift */,
				0163ABDB2447B3F50064E39B /* SpringButton.swift */,
				0163ABDC2447B3F50064E39B /* SpringTextView.swift */,
				0163ABDD2447B3F50064E39B /* Misc.swift */,
				0163ABDE2447B3F50064E39B /* SpringView.swift */,
				0163ABDF2447B3F50064E39B /* DesignableButton.swift */,
				0163ABE02447B3F50064E39B /* SpringTextField.swift */,
				0163ABE12447B3F50064E39B /* DesignableView.swift */,
				0163ABE22447B3F50064E39B /* DesignableTabBarController.swift */,
				0163ABE32447B3F50064E39B /* AsyncButton.swift */,
				0163ABE42447B3F50064E39B /* LoadingView.xib */,
				0163ABE52447B3F50064E39B /* SpringLabel.swift */,
				0163ABE62447B3F50064E39B /* Spring.h */,
				0163ABE72447B3F50064E39B /* DesignableTextView.swift */,
				0163ABE82447B3F50064E39B /* AutoTextView.swift */,
				0163ABE92447B3F50064E39B /* SpringAnimation.swift */,
				0163ABEA2447B3F50064E39B /* UnwindSegue.swift */,
				0163ABEB2447B3F50064E39B /* LoadingView.swift */,
				0163ABED2447B3F50064E39B /* AsyncImageView.swift */,
			);
			path = Spring;
			sourceTree = "<group>";
		};
		01ABD4582446153800BA39BD /* Extensions */ = {
			isa = PBXGroup;
			children = (
				01ABD45A2446153800BA39BD /* UIView+Extensions.swift */,
				01ABD45B2446153800BA39BD /* UIColor+Extensions.swift */,
				01ABD45C2446153800BA39BD /* CALayer+Extensions.swift */,
				01ABD47324470F3800BA39BD /* UITextField+Extensions.swift */,
				01ABD47C2447201800BA39BD /* UIVIewController+Extensions.swift */,
			);
			path = Extensions;
			sourceTree = "<group>";
		};
		01ABD46624461DC900BA39BD /* Model */ = {
			isa = PBXGroup;
			children = (
				01ABD467244620A800BA39BD /* User.swift */,
				01ABD46B244626BA00BA39BD /* Movement.swift */,
				011E7F2A24475CAF004484D6 /* Setting.swift */,
			);
			path = Model;
			sourceTree = "<group>";
		};
		01ABD46D2446332000BA39BD /* Service */ = {
			isa = PBXGroup;
			children = (
				01ABD46E244633B300BA39BD /* MessageService.swift */,
			);
			path = Service;
			sourceTree = "<group>";
		};
		01ABD47024470DBA00BA39BD /* View */ = {
			isa = PBXGroup;
			children = (
				011E7F2C24475E3A004484D6 /* TableViewCells */,
			);
			path = View;
			sourceTree = "<group>";
		};
		01ABD47524470F9300BA39BD /* Resources */ = {
			isa = PBXGroup;
			children = (
				011E7F3324477980004484D6 /* Localization */,
				01CBD9A32445C432000611DF /* Assets.xcassets */,
				01ABD47A2447101E00BA39BD /* ColorAssets.xcassets */,
				01ABD47624470FC400BA39BD /* Typography.swift */,
				01ABD47E244723F300BA39BD /* Color.swift */,
				01CBD9A52445C432000611DF /* LaunchScreen.storyboard */,
			);
			path = Resources;
			sourceTree = "<group>";
		};
		01CBD98B2445C432000611DF = {
			isa = PBXGroup;
			children = (
				01CBD9962445C432000611DF /* 13033 */,
				01CBD9952445C432000611DF /* Products */,
				8315DBCC3E9DAF23624EEB33 /* Pods */,
				CB15208ECFD4A45226C1A4FC /* Frameworks */,
			);
			sourceTree = "<group>";
		};
		01CBD9952445C432000611DF /* Products */ = {
			isa = PBXGroup;
			children = (
				01CBD9942445C432000611DF /* 13033.app */,
			);
			name = Products;
			sourceTree = "<group>";
		};
		01CBD9962445C432000611DF /* 13033 */ = {
			isa = PBXGroup;
			children = (
				0163ABCE2447B3DF0064E39B /* External Libraries */,
				01E1D09D24474F3D00754E00 /* Utilities */,
				01ABD47524470F9300BA39BD /* Resources */,
				01ABD4582446153800BA39BD /* Extensions */,
				01ABD46D2446332000BA39BD /* Service */,
				01ABD46624461DC900BA39BD /* Model */,
				01ABD47024470DBA00BA39BD /* View */,
				01CBD9972445C432000611DF /* AppDelegate.swift */,
				01CBD99B2445C432000611DF /* UserInfoViewController.swift */,
				01ABD469244625FF00BA39BD /* MovementViewController.swift */,
				011E7F2824475732004484D6 /* SettingsViewController.swift */,
				01CBD99D2445C432000611DF /* Main.storyboard */,
				01CBD9A82445C432000611DF /* Info.plist */,
			);
			path = 13033;
			sourceTree = "<group>";
		};
		01E1D09D24474F3D00754E00 /* Utilities */ = {
			isa = PBXGroup;
			children = (
				01E1D09B24474F3900754E00 /* AlertUtils.swift */,
				011E7F2F24476BE0004484D6 /* StoreUtils.swift */,
				0163ABCC24478C3A0064E39B /* WebUtils.swift */,
			);
			path = Utilities;
			sourceTree = "<group>";
		};
		8315DBCC3E9DAF23624EEB33 /* Pods */ = {
			isa = PBXGroup;
			children = (
				F3C7D5E69022AAB36C48A305 /* Pods-13033.debug.xcconfig */,
				8FD8075F47A5D72A2AB14CC0 /* Pods-13033.release.xcconfig */,
			);
			path = Pods;
			sourceTree = "<group>";
		};
		CB15208ECFD4A45226C1A4FC /* Frameworks */ = {
			isa = PBXGroup;
			children = (
				0046C2ACDC4ADB2F4A9781E1 /* Pods_13033.framework */,
			);
			name = Frameworks;
			sourceTree = "<group>";
		};
/* End PBXGroup section */

/* Begin PBXNativeTarget section */
		01CBD9932445C432000611DF /* 13033 */ = {
			isa = PBXNativeTarget;
			buildConfigurationList = 01CBD9AB2445C433000611DF /* Build configuration list for PBXNativeTarget "13033" */;
			buildPhases = (
				BF6A22BA52C9D8836A0B6312 /* [CP] Check Pods Manifest.lock */,
				01CBD9902445C432000611DF /* Sources */,
				01CBD9912445C432000611DF /* Frameworks */,
				01CBD9922445C432000611DF /* Resources */,
				F3FD9FF97A7C6BD966F8DC3C /* [CP] Embed Pods Frameworks */,
			);
			buildRules = (
			);
			dependencies = (
			);
			name = 13033;
			productName = 13033;
			productReference = 01CBD9942445C432000611DF /* 13033.app */;
			productType = "com.apple.product-type.application";
		};
/* End PBXNativeTarget section */

/* Begin PBXProject section */
		01CBD98C2445C432000611DF /* Project object */ = {
			isa = PBXProject;
			attributes = {
				LastSwiftUpdateCheck = 1130;
				LastUpgradeCheck = 1130;
				ORGANIZATIONNAME = "Nikolaos Athanasiou";
				TargetAttributes = {
					01CBD9932445C432000611DF = {
						CreatedOnToolsVersion = 11.3.1;
					};
				};
			};
			buildConfigurationList = 01CBD98F2445C432000611DF /* Build configuration list for PBXProject "13033" */;
			compatibilityVersion = "Xcode 9.3";
			developmentRegion = en;
			hasScannedForEncodings = 0;
			knownRegions = (
				en,
				Base,
				el,
			);
			mainGroup = 01CBD98B2445C432000611DF;
			productRefGroup = 01CBD9952445C432000611DF /* Products */;
			projectDirPath = "";
			projectRoot = "";
			targets = (
				01CBD9932445C432000611DF /* 13033 */,
			);
		};
/* End PBXProject section */

/* Begin PBXResourcesBuildPhase section */
		01CBD9922445C432000611DF /* Resources */ = {
			isa = PBXResourcesBuildPhase;
			buildActionMask = 2147483647;
			files = (
				01CBD9A72445C432000611DF /* LaunchScreen.storyboard in Resources */,
				01CBD9A42445C432000611DF /* Assets.xcassets in Resources */,
				011E7F36244779B3004484D6 /* Localizable.strings in Resources */,
				01FB7F6E2447B628009C33F7 /* LoadingView.xib in Resources */,
				01ABD47B2447101E00BA39BD /* ColorAssets.xcassets in Resources */,
				01CBD99F2445C432000611DF /* Main.storyboard in Resources */,
			);
			runOnlyForDeploymentPostprocessing = 0;
		};
/* End PBXResourcesBuildPhase section */

/* Begin PBXShellScriptBuildPhase section */
		BF6A22BA52C9D8836A0B6312 /* [CP] Check Pods Manifest.lock */ = {
			isa = PBXShellScriptBuildPhase;
			buildActionMask = 2147483647;
			files = (
			);
			inputFileListPaths = (
			);
			inputPaths = (
				"${PODS_PODFILE_DIR_PATH}/Podfile.lock",
				"${PODS_ROOT}/Manifest.lock",
			);
			name = "[CP] Check Pods Manifest.lock";
			outputFileListPaths = (
			);
			outputPaths = (
				"$(DERIVED_FILE_DIR)/Pods-13033-checkManifestLockResult.txt",
			);
			runOnlyForDeploymentPostprocessing = 0;
			shellPath = /bin/sh;
			shellScript = "diff \"${PODS_PODFILE_DIR_PATH}/Podfile.lock\" \"${PODS_ROOT}/Manifest.lock\" > /dev/null\nif [ $? != 0 ] ; then\n    # print error to STDERR\n    echo \"error: The sandbox is not in sync with the Podfile.lock. Run 'pod install' or update your CocoaPods installation.\" >&2\n    exit 1\nfi\n# This output is used by Xcode 'outputs' to avoid re-running this script phase.\necho \"SUCCESS\" > \"${SCRIPT_OUTPUT_FILE_0}\"\n";
			showEnvVarsInLog = 0;
		};
		F3FD9FF97A7C6BD966F8DC3C /* [CP] Embed Pods Frameworks */ = {
			isa = PBXShellScriptBuildPhase;
			buildActionMask = 2147483647;
			files = (
			);
			inputFileListPaths = (
				"${PODS_ROOT}/Target Support Files/Pods-13033/Pods-13033-frameworks-${CONFIGURATION}-input-files.xcfilelist",
			);
			name = "[CP] Embed Pods Frameworks";
			outputFileListPaths = (
				"${PODS_ROOT}/Target Support Files/Pods-13033/Pods-13033-frameworks-${CONFIGURATION}-output-files.xcfilelist",
			);
			runOnlyForDeploymentPostprocessing = 0;
			shellPath = /bin/sh;
			shellScript = "\"${PODS_ROOT}/Target Support Files/Pods-13033/Pods-13033-frameworks.sh\"\n";
			showEnvVarsInLog = 0;
		};
/* End PBXShellScriptBuildPhase section */

/* Begin PBXSourcesBuildPhase section */
		01CBD9902445C432000611DF /* Sources */ = {
			isa = PBXSourcesBuildPhase;
			buildActionMask = 2147483647;
			files = (
				01FB7F6C2447B628009C33F7 /* DesignableTabBarController.swift in Sources */,
				01ABD47424470F3800BA39BD /* UITextField+Extensions.swift in Sources */,
				01FB7F5F2447B628009C33F7 /* Spring.swift in Sources */,
				01FB7F662447B628009C33F7 /* SpringTextView.swift in Sources */,
				01ABD45F2446153800BA39BD /* UIView+Extensions.swift in Sources */,
				01ABD46A244625FF00BA39BD /* MovementViewController.swift in Sources */,
				01ABD46C244626BA00BA39BD /* Movement.swift in Sources */,
				01ABD47D2447201800BA39BD /* UIVIewController+Extensions.swift in Sources */,
				01FB7F742447B628009C33F7 /* LoadingView.swift in Sources */,
				01FB7F652447B628009C33F7 /* SpringButton.swift in Sources */,
				01E1D09C24474F3900754E00 /* AlertUtils.swift in Sources */,
				01FB7F642447B628009C33F7 /* DesignableTextField.swift in Sources */,
				01ABD4612446153800BA39BD /* CALayer+Extensions.swift in Sources */,
				011E7F2924475732004484D6 /* SettingsViewController.swift in Sources */,
				01FB7F6A2447B628009C33F7 /* SpringTextField.swift in Sources */,
				01FB7F602447B628009C33F7 /* SpringImageView.swift in Sources */,
				01FB7F722447B628009C33F7 /* SpringAnimation.swift in Sources */,
				01FB7F6F2447B628009C33F7 /* SpringLabel.swift in Sources */,
				01ABD4602446153800BA39BD /* UIColor+Extensions.swift in Sources */,
				01FB7F732447B628009C33F7 /* UnwindSegue.swift in Sources */,
				01ABD46F244633B300BA39BD /* MessageService.swift in Sources */,
				01FB7F5C2447B628009C33F7 /* TransitionManager.swift in Sources */,
				01FB7F6B2447B628009C33F7 /* DesignableView.swift in Sources */,
				01FB7F752447B628009C33F7 /* AsyncImageView.swift in Sources */,
				01CBD99C2445C432000611DF /* UserInfoViewController.swift in Sources */,
				01FB7F5B2447B628009C33F7 /* KeyboardLayoutConstraint.swift in Sources */,
				01ABD47F244723F300BA39BD /* Color.swift in Sources */,
				01FB7F5E2447B628009C33F7 /* ImageLoader.swift in Sources */,
				01FB7F712447B628009C33F7 /* AutoTextView.swift in Sources */,
				011E7F2E2447622E004484D6 /* ILTableViewCell.swift in Sources */,
				01FB7F632447B628009C33F7 /* BlurView.swift in Sources */,
				01CBD9982445C432000611DF /* AppDelegate.swift in Sources */,
				01FB7F692447B628009C33F7 /* DesignableButton.swift in Sources */,
				01FB7F682447B628009C33F7 /* SpringView.swift in Sources */,
				0163ABCD24478C3A0064E39B /* WebUtils.swift in Sources */,
				011E7F3024476BE0004484D6 /* StoreUtils.swift in Sources */,
				01FB7F702447B628009C33F7 /* DesignableTextView.swift in Sources */,
				01FB7F5A2447B628009C33F7 /* DesignableImageView.swift in Sources */,
				01FB7F622447B628009C33F7 /* SoundPlayer.swift in Sources */,
				01FB7F672447B628009C33F7 /* Misc.swift in Sources */,
				01FB7F5D2447B628009C33F7 /* TransitionZoom.swift in Sources */,
				01ABD468244620A800BA39BD /* User.swift in Sources */,
				01ABD47724470FC400BA39BD /* Typography.swift in Sources */,
				01FB7F612447B628009C33F7 /* DesignableLabel.swift in Sources */,
				011E7F2B24475CAF004484D6 /* Setting.swift in Sources */,
				01FB7F6D2447B628009C33F7 /* AsyncButton.swift in Sources */,
			);
			runOnlyForDeploymentPostprocessing = 0;
		};
/* End PBXSourcesBuildPhase section */

/* Begin PBXVariantGroup section */
		011E7F38244779B3004484D6 /* Localizable.strings */ = {
			isa = PBXVariantGroup;
			children = (
				011E7F37244779B3004484D6 /* en */,
				011E7F39244779C8004484D6 /* el */,
			);
			name = Localizable.strings;
			sourceTree = "<group>";
		};
		01CBD99D2445C432000611DF /* Main.storyboard */ = {
			isa = PBXVariantGroup;
			children = (
				01CBD99E2445C432000611DF /* Base */,
			);
			name = Main.storyboard;
			sourceTree = "<group>";
		};
		01CBD9A52445C432000611DF /* LaunchScreen.storyboard */ = {
			isa = PBXVariantGroup;
			children = (
				01CBD9A62445C432000611DF /* Base */,
			);
			name = LaunchScreen.storyboard;
			sourceTree = "<group>";
		};
/* End PBXVariantGroup section */

/* Begin XCBuildConfiguration section */
		01CBD9A92445C432000611DF /* Debug */ = {
			isa = XCBuildConfiguration;
			buildSettings = {
				ALWAYS_SEARCH_USER_PATHS = NO;
				CLANG_ANALYZER_LOCALIZABILITY_NONLOCALIZED = YES;
				CLANG_ANALYZER_NONNULL = YES;
				CLANG_ANALYZER_NUMBER_OBJECT_CONVERSION = YES_AGGRESSIVE;
				CLANG_CXX_LANGUAGE_STANDARD = "gnu++14";
				CLANG_CXX_LIBRARY = "libc++";
				CLANG_ENABLE_MODULES = YES;
				CLANG_ENABLE_OBJC_ARC = YES;
				CLANG_ENABLE_OBJC_WEAK = YES;
				CLANG_WARN_BLOCK_CAPTURE_AUTORELEASING = YES;
				CLANG_WARN_BOOL_CONVERSION = YES;
				CLANG_WARN_COMMA = YES;
				CLANG_WARN_CONSTANT_CONVERSION = YES;
				CLANG_WARN_DEPRECATED_OBJC_IMPLEMENTATIONS = YES;
				CLANG_WARN_DIRECT_OBJC_ISA_USAGE = YES_ERROR;
				CLANG_WARN_DOCUMENTATION_COMMENTS = YES;
				CLANG_WARN_EMPTY_BODY = YES;
				CLANG_WARN_ENUM_CONVERSION = YES;
				CLANG_WARN_INFINITE_RECURSION = YES;
				CLANG_WARN_INT_CONVERSION = YES;
				CLANG_WARN_NON_LITERAL_NULL_CONVERSION = YES;
				CLANG_WARN_OBJC_IMPLICIT_RETAIN_SELF = YES;
				CLANG_WARN_OBJC_LITERAL_CONVERSION = YES;
				CLANG_WARN_OBJC_ROOT_CLASS = YES_ERROR;
				CLANG_WARN_RANGE_LOOP_ANALYSIS = YES;
				CLANG_WARN_STRICT_PROTOTYPES = YES;
				CLANG_WARN_SUSPICIOUS_MOVE = YES;
				CLANG_WARN_UNGUARDED_AVAILABILITY = YES_AGGRESSIVE;
				CLANG_WARN_UNREACHABLE_CODE = YES;
				CLANG_WARN__DUPLICATE_METHOD_MATCH = YES;
				COPY_PHASE_STRIP = NO;
				DEBUG_INFORMATION_FORMAT = dwarf;
				ENABLE_STRICT_OBJC_MSGSEND = YES;
				ENABLE_TESTABILITY = YES;
				GCC_C_LANGUAGE_STANDARD = gnu11;
				GCC_DYNAMIC_NO_PIC = NO;
				GCC_NO_COMMON_BLOCKS = YES;
				GCC_OPTIMIZATION_LEVEL = 0;
				GCC_PREPROCESSOR_DEFINITIONS = (
					"DEBUG=1",
					"$(inherited)",
				);
				GCC_WARN_64_TO_32_BIT_CONVERSION = YES;
				GCC_WARN_ABOUT_RETURN_TYPE = YES_ERROR;
				GCC_WARN_UNDECLARED_SELECTOR = YES;
				GCC_WARN_UNINITIALIZED_AUTOS = YES_AGGRESSIVE;
				GCC_WARN_UNUSED_FUNCTION = YES;
				GCC_WARN_UNUSED_VARIABLE = YES;
				IPHONEOS_DEPLOYMENT_TARGET = 11.4;
				MTL_ENABLE_DEBUG_INFO = INCLUDE_SOURCE;
				MTL_FAST_MATH = YES;
				ONLY_ACTIVE_ARCH = YES;
				SDKROOT = iphoneos;
				SWIFT_ACTIVE_COMPILATION_CONDITIONS = DEBUG;
				SWIFT_OPTIMIZATION_LEVEL = "-Onone";
			};
			name = Debug;
		};
		01CBD9AA2445C432000611DF /* Release */ = {
			isa = XCBuildConfiguration;
			buildSettings = {
				ALWAYS_SEARCH_USER_PATHS = NO;
				CLANG_ANALYZER_LOCALIZABILITY_NONLOCALIZED = YES;
				CLANG_ANALYZER_NONNULL = YES;
				CLANG_ANALYZER_NUMBER_OBJECT_CONVERSION = YES_AGGRESSIVE;
				CLANG_CXX_LANGUAGE_STANDARD = "gnu++14";
				CLANG_CXX_LIBRARY = "libc++";
				CLANG_ENABLE_MODULES = YES;
				CLANG_ENABLE_OBJC_ARC = YES;
				CLANG_ENABLE_OBJC_WEAK = YES;
				CLANG_WARN_BLOCK_CAPTURE_AUTORELEASING = YES;
				CLANG_WARN_BOOL_CONVERSION = YES;
				CLANG_WARN_COMMA = YES;
				CLANG_WARN_CONSTANT_CONVERSION = YES;
				CLANG_WARN_DEPRECATED_OBJC_IMPLEMENTATIONS = YES;
				CLANG_WARN_DIRECT_OBJC_ISA_USAGE = YES_ERROR;
				CLANG_WARN_DOCUMENTATION_COMMENTS = YES;
				CLANG_WARN_EMPTY_BODY = YES;
				CLANG_WARN_ENUM_CONVERSION = YES;
				CLANG_WARN_INFINITE_RECURSION = YES;
				CLANG_WARN_INT_CONVERSION = YES;
				CLANG_WARN_NON_LITERAL_NULL_CONVERSION = YES;
				CLANG_WARN_OBJC_IMPLICIT_RETAIN_SELF = YES;
				CLANG_WARN_OBJC_LITERAL_CONVERSION = YES;
				CLANG_WARN_OBJC_ROOT_CLASS = YES_ERROR;
				CLANG_WARN_RANGE_LOOP_ANALYSIS = YES;
				CLANG_WARN_STRICT_PROTOTYPES = YES;
				CLANG_WARN_SUSPICIOUS_MOVE = YES;
				CLANG_WARN_UNGUARDED_AVAILABILITY = YES_AGGRESSIVE;
				CLANG_WARN_UNREACHABLE_CODE = YES;
				CLANG_WARN__DUPLICATE_METHOD_MATCH = YES;
				COPY_PHASE_STRIP = NO;
				DEBUG_INFORMATION_FORMAT = "dwarf-with-dsym";
				ENABLE_NS_ASSERTIONS = NO;
				ENABLE_STRICT_OBJC_MSGSEND = YES;
				GCC_C_LANGUAGE_STANDARD = gnu11;
				GCC_NO_COMMON_BLOCKS = YES;
				GCC_WARN_64_TO_32_BIT_CONVERSION = YES;
				GCC_WARN_ABOUT_RETURN_TYPE = YES_ERROR;
				GCC_WARN_UNDECLARED_SELECTOR = YES;
				GCC_WARN_UNINITIALIZED_AUTOS = YES_AGGRESSIVE;
				GCC_WARN_UNUSED_FUNCTION = YES;
				GCC_WARN_UNUSED_VARIABLE = YES;
				IPHONEOS_DEPLOYMENT_TARGET = 11.4;
				MTL_ENABLE_DEBUG_INFO = NO;
				MTL_FAST_MATH = YES;
				SDKROOT = iphoneos;
				SWIFT_COMPILATION_MODE = wholemodule;
				SWIFT_OPTIMIZATION_LEVEL = "-O";
				VALIDATE_PRODUCT = YES;
			};
			name = Release;
		};
		01CBD9AC2445C433000611DF /* Debug */ = {
			isa = XCBuildConfiguration;
			baseConfigurationReference = F3C7D5E69022AAB36C48A305 /* Pods-13033.debug.xcconfig */;
			buildSettings = {
				ASSETCATALOG_COMPILER_APPICON_NAME = AppIcon;
				CODE_SIGN_STYLE = Automatic;
				DEVELOPMENT_TEAM = X5PNQ55UN4;
				INFOPLIST_FILE = 13033/Info.plist;
				IPHONEOS_DEPLOYMENT_TARGET = 11.4;
				LD_RUNPATH_SEARCH_PATHS = (
					"$(inherited)",
					"@executable_path/Frameworks",
				);
				PRODUCT_BUNDLE_IDENTIFIER = "com.athanasiou.covid-permit-gr";
				PRODUCT_NAME = "$(TARGET_NAME)";
				SWIFT_VERSION = 5.0;
				TARGETED_DEVICE_FAMILY = 1;
			};
			name = Debug;
		};
		01CBD9AD2445C433000611DF /* Release */ = {
			isa = XCBuildConfiguration;
			baseConfigurationReference = 8FD8075F47A5D72A2AB14CC0 /* Pods-13033.release.xcconfig */;
			buildSettings = {
				ASSETCATALOG_COMPILER_APPICON_NAME = AppIcon;
				CODE_SIGN_STYLE = Automatic;
				DEVELOPMENT_TEAM = X5PNQ55UN4;
				INFOPLIST_FILE = 13033/Info.plist;
				IPHONEOS_DEPLOYMENT_TARGET = 11.4;
				LD_RUNPATH_SEARCH_PATHS = (
					"$(inherited)",
					"@executable_path/Frameworks",
				);
				PRODUCT_BUNDLE_IDENTIFIER = "com.athanasiou.covid-permit-gr";
				PRODUCT_NAME = "$(TARGET_NAME)";
				SWIFT_VERSION = 5.0;
				TARGETED_DEVICE_FAMILY = 1;
			};
			name = Release;
		};
/* End XCBuildConfiguration section */

/* Begin XCConfigurationList section */
		01CBD98F2445C432000611DF /* Build configuration list for PBXProject "13033" */ = {
			isa = XCConfigurationList;
			buildConfigurations = (
				01CBD9A92445C432000611DF /* Debug */,
				01CBD9AA2445C432000611DF /* Release */,
			);
			defaultConfigurationIsVisible = 0;
			defaultConfigurationName = Release;
		};
		01CBD9AB2445C433000611DF /* Build configuration list for PBXNativeTarget "13033" */ = {
			isa = XCConfigurationList;
			buildConfigurations = (
				01CBD9AC2445C433000611DF /* Debug */,
				01CBD9AD2445C433000611DF /* Release */,
			);
			defaultConfigurationIsVisible = 0;
			defaultConfigurationName = Release;
		};
/* End XCConfigurationList section */
	};
	rootObject = 01CBD98C2445C432000611DF /* Project object */;
}
